
Microsoft Visual Studio Solution File, Format Version 12.00
# Visual Studio 15
VisualStudioVersion = 15.0.26730.12
MinimumVisualStudioVersion = 10.0.40219.1
Project("{FAE04EC0-301F-11D3-BF4B-00C04F79EFBC}") = "SmartGoalAssignment", "SmartGoalAssignment\SmartGoalAssignment.csproj", "{B5904FF6-B678-4A84-BF89-306B37603CE0}"
EndProject
Project("{FAE04EC0-301F-11D3-BF4B-00C04F79EFBC}") = "DataAccess", "DataAccess\DataAccess.csproj", "{3366E607-5C55-4007-86AD-32F431127F9C}"
EndProject
Global
	GlobalSection(SolutionConfigurationPlatforms) = preSolution
		Debug|Any CPU = Debug|Any CPU
		Release|Any CPU = Release|Any CPU
	EndGlobalSection
	GlobalSection(ProjectConfigurationPlatforms) = postSolution
		{B5904FF6-B678-4A84-BF89-306B37603CE0}.Debug|Any CPU.ActiveCfg = Debug|Any CPU
		{B5904FF6-B678-4A84-BF89-306B37603CE0}.Debug|Any CPU.Build.0 = Debug|Any CPU
		{B5904FF6-B678-4A84-BF89-306B37603CE0}.Release|Any CPU.ActiveCfg = Release|Any CPU
		{B5904FF6-B678-4A84-BF89-306B37603CE0}.Release|Any CPU.Build.0 = Release|Any CPU
		{3366E607-5C55-4007-86AD-32F431127F9C}.Debug|Any CPU.ActiveCfg = Debug|Any CPU
		{3366E607-5C55-4007-86AD-32F431127F9C}.Debug|Any CPU.Build.0 = Debug|Any CPU
		{3366E607-5C55-4007-86AD-32F431127F9C}.Release|Any CPU.ActiveCfg = Release|Any CPU
		{3366E607-5C55-4007-86AD-32F431127F9C}.Release|Any CPU.Build.0 = Release|Any CPU
	EndGlobalSection
	GlobalSection(SolutionProperties) = preSolution
		HideSolutionNode = FALSE
	EndGlobalSection
	GlobalSection(ExtensibilityGlobals) = postSolution
		SolutionGuid = {6F85CCD6-8501-4530-86E5-D3674E8C485F}
	EndGlobalSection
EndGlobal
